
Microsoft Visual Studio Solution File, Format Version 12.00
# Visual Studio Version 16
VisualStudioVersion = 16.0.31729.503
MinimumVisualStudioVersion = 10.0.40219.1
Project("{FAE04EC0-301F-11D3-BF4B-00C04F79EFBC}") = "OnlineShopping", "OnlineShopping.csproj", "{6B26970F-50E2-45B5-93ED-ED5A64E970E1}"
EndProject
Global
	GlobalSection(SolutionConfigurationPlatforms) = preSolution
		Debug|Any CPU = Debug|Any CPU
		Release|Any CPU = Release|Any CPU
	EndGlobalSection
	GlobalSection(ProjectConfigurationPlatforms) = postSolution
		{6B26970F-50E2-45B5-93ED-ED5A64E970E1}.Debug|Any CPU.ActiveCfg = Debug|Any CPU
		{6B26970F-50E2-45B5-93ED-ED5A64E970E1}.Debug|Any CPU.Build.0 = Debug|Any CPU
		{6B26970F-50E2-45B5-93ED-ED5A64E970E1}.Release|Any CPU.ActiveCfg = Release|Any CPU
		{6B26970F-50E2-45B5-93ED-ED5A64E970E1}.Release|Any CPU.Build.0 = Release|Any CPU
	EndGlobalSection
	GlobalSection(SolutionProperties) = preSolution
		HideSolutionNode = FALSE
	EndGlobalSection
	GlobalSection(ExtensibilityGlobals) = postSolution
		SolutionGuid = {64DE59F7-1ED0-4668-B4D7-4CA149C4701F}
	EndGlobalSection
EndGlobal
